// !$*UTF8*$!
{
	archiveVersion = 1;
	classes = {
	};
	objectVersion = 55;
	objects = {

/* Begin PBXBuildFile section */
		B6411DA227D64C70004025A7 /* AppDelegate.swift in Sources */ = {isa = PBXBuildFile; fileRef = B6411DA127D64C70004025A7 /* AppDelegate.swift */; };
		B6411DA427D64C70004025A7 /* SceneDelegate.swift in Sources */ = {isa = PBXBuildFile; fileRef = B6411DA327D64C70004025A7 /* SceneDelegate.swift */; };
		B6411DA627D64C70004025A7 /* ViewController.swift in Sources */ = {isa = PBXBuildFile; fileRef = B6411DA527D64C70004025A7 /* ViewController.swift */; };
		B6411DA927D64C70004025A7 /* Main.storyboard in Resources */ = {isa = PBXBuildFile; fileRef = B6411DA727D64C70004025A7 /* Main.storyboard */; };
		B6411DAC27D64C70004025A7 /* FirebaseNotes.xcdatamodeld in Sources */ = {isa = PBXBuildFile; fileRef = B6411DAA27D64C70004025A7 /* FirebaseNotes.xcdatamodeld */; };
		B6411DAE27D64C71004025A7 /* Assets.xcassets in Resources */ = {isa = PBXBuildFile; fileRef = B6411DAD27D64C71004025A7 /* Assets.xcassets */; };
		B6411DB127D64C71004025A7 /* LaunchScreen.storyboard in Resources */ = {isa = PBXBuildFile; fileRef = B6411DAF27D64C71004025A7 /* LaunchScreen.storyboard */; };
		B6411DB927D64E90004025A7 /* GoogleService-Info.plist in Resources */ = {isa = PBXBuildFile; fileRef = B6411DB827D64E90004025A7 /* GoogleService-Info.plist */; };
		B6411DBC27D6528F004025A7 /* FirebaseAnalytics in Frameworks */ = {isa = PBXBuildFile; productRef = B6411DBB27D6528F004025A7 /* FirebaseAnalytics */; };
		B6411DBE27D6528F004025A7 /* FirebaseAuth in Frameworks */ = {isa = PBXBuildFile; productRef = B6411DBD27D6528F004025A7 /* FirebaseAuth */; };
		B6411DC027D6528F004025A7 /* FirebaseDatabase in Frameworks */ = {isa = PBXBuildFile; productRef = B6411DBF27D6528F004025A7 /* FirebaseDatabase */; };
		B6411DC227D65290004025A7 /* FirebaseFirestore in Frameworks */ = {isa = PBXBuildFile; productRef = B6411DC127D65290004025A7 /* FirebaseFirestore */; };
		B6BC2E0727DB8E960002F998 /* FirebaseFirestoreSwift-Beta in Frameworks */ = {isa = PBXBuildFile; productRef = B6BC2E0627DB8E960002F998 /* FirebaseFirestoreSwift-Beta */; };
/* End PBXBuildFile section */

/* Begin PBXFileReference section */
		B6411D9E27D64C6F004025A7 /* FirebaseNotes.app */ = {isa = PBXFileReference; explicitFileType = wrapper.application; includeInIndex = 0; path = FirebaseNotes.app; sourceTree = BUILT_PRODUCTS_DIR; };
		B6411DA127D64C70004025A7 /* AppDelegate.swift */ = {isa = PBXFileReference; lastKnownFileType = sourcecode.swift; path = AppDelegate.swift; sourceTree = "<group>"; };
		B6411DA327D64C70004025A7 /* SceneDelegate.swift */ = {isa = PBXFileReference; lastKnownFileType = sourcecode.swift; path = SceneDelegate.swift; sourceTree = "<group>"; };
		B6411DA527D64C70004025A7 /* ViewController.swift */ = {isa = PBXFileReference; lastKnownFileType = sourcecode.swift; path = ViewController.swift; sourceTree = "<group>"; };
		B6411DA827D64C70004025A7 /* Base */ = {isa = PBXFileReference; lastKnownFileType = file.storyboard; name = Base; path = Base.lproj/Main.storyboard; sourceTree = "<group>"; };
		B6411DAB27D64C70004025A7 /* FirebaseNotes.xcdatamodel */ = {isa = PBXFileReference; lastKnownFileType = wrapper.xcdatamodel; path = FirebaseNotes.xcdatamodel; sourceTree = "<group>"; };
		B6411DAD27D64C71004025A7 /* Assets.xcassets */ = {isa = PBXFileReference; lastKnownFileType = folder.assetcatalog; path = Assets.xcassets; sourceTree = "<group>"; };
		B6411DB027D64C71004025A7 /* Base */ = {isa = PBXFileReference; lastKnownFileType = file.storyboard; name = Base; path = Base.lproj/LaunchScreen.storyboard; sourceTree = "<group>"; };
		B6411DB227D64C71004025A7 /* Info.plist */ = {isa = PBXFileReference; lastKnownFileType = text.plist.xml; path = Info.plist; sourceTree = "<group>"; };
		B6411DB827D64E90004025A7 /* GoogleService-Info.plist */ = {isa = PBXFileReference; fileEncoding = 4; lastKnownFileType = text.plist.xml; name = "GoogleService-Info.plist"; path = "../../../../Downloads/GoogleService-Info.plist"; sourceTree = "<group>"; };
/* End PBXFileReference section */

/* Begin PBXFrameworksBuildPhase section */
		B6411D9B27D64C6F004025A7 /* Frameworks */ = {
			isa = PBXFrameworksBuildPhase;
			buildActionMask = 2147483647;
			files = (
				B6411DC027D6528F004025A7 /* FirebaseDatabase in Frameworks */,
				B6411DC227D65290004025A7 /* FirebaseFirestore in Frameworks */,
				B6BC2E0727DB8E960002F998 /* FirebaseFirestoreSwift-Beta in Frameworks */,
				B6411DBC27D6528F004025A7 /* FirebaseAnalytics in Frameworks */,
				B6411DBE27D6528F004025A7 /* FirebaseAuth in Frameworks */,
			);
			runOnlyForDeploymentPostprocessing = 0;
		};
/* End PBXFrameworksBuildPhase section */

/* Begin PBXGroup section */
		B6411D9527D64C6F004025A7 = {
			isa = PBXGroup;
			children = (
				B6411DA027D64C6F004025A7 /* FirebaseNotes */,
				B6411D9F27D64C6F004025A7 /* Products */,
				B6BC2E0527DB8E960002F998 /* Frameworks */,
			);
			sourceTree = "<group>";
		};
		B6411D9F27D64C6F004025A7 /* Products */ = {
			isa = PBXGroup;
			children = (
				B6411D9E27D64C6F004025A7 /* FirebaseNotes.app */,
			);
			name = Products;
			sourceTree = "<group>";
		};
		B6411DA027D64C6F004025A7 /* FirebaseNotes */ = {
			isa = PBXGroup;
			children = (
				B6411DA127D64C70004025A7 /* AppDelegate.swift */,
				B6411DA327D64C70004025A7 /* SceneDelegate.swift */,
				B6411DA527D64C70004025A7 /* ViewController.swift */,
				B6411DA727D64C70004025A7 /* Main.storyboard */,
				B6411DAD27D64C71004025A7 /* Assets.xcassets */,
				B6411DAF27D64C71004025A7 /* LaunchScreen.storyboard */,
				B6411DB227D64C71004025A7 /* Info.plist */,
				B6411DAA27D64C70004025A7 /* FirebaseNotes.xcdatamodeld */,
				B6411DB827D64E90004025A7 /* GoogleService-Info.plist */,
			);
			path = FirebaseNotes;
			sourceTree = "<group>";
		};
		B6BC2E0527DB8E960002F998 /* Frameworks */ = {
			isa = PBXGroup;
			children = (
			);
			name = Frameworks;
			sourceTree = "<group>";
		};
/* End PBXGroup section */

/* Begin PBXNativeTarget section */
		B6411D9D27D64C6F004025A7 /* FirebaseNotes */ = {
			isa = PBXNativeTarget;
			buildConfigurationList = B6411DB527D64C71004025A7 /* Build configuration list for PBXNativeTarget "FirebaseNotes" */;
			buildPhases = (
				B6411D9A27D64C6F004025A7 /* Sources */,
				B6411D9B27D64C6F004025A7 /* Frameworks */,
				B6411D9C27D64C6F004025A7 /* Resources */,
			);
			buildRules = (
			);
			dependencies = (
			);
			name = FirebaseNotes;
			packageProductDependencies = (
				B6411DBB27D6528F004025A7 /* FirebaseAnalytics */,
				B6411DBD27D6528F004025A7 /* FirebaseAuth */,
				B6411DBF27D6528F004025A7 /* FirebaseDatabase */,
				B6411DC127D65290004025A7 /* FirebaseFirestore */,
				B6BC2E0627DB8E960002F998 /* FirebaseFirestoreSwift-Beta */,
			);
			productName = FirebaseNotes;
			productReference = B6411D9E27D64C6F004025A7 /* FirebaseNotes.app */;
			productType = "com.apple.product-type.application";
		};
/* End PBXNativeTarget section */

/* Begin PBXProject section */
		B6411D9627D64C6F004025A7 /* Project object */ = {
			isa = PBXProject;
			attributes = {
				BuildIndependentTargetsInParallel = 1;
				LastSwiftUpdateCheck = 1320;
				LastUpgradeCheck = 1320;
				TargetAttributes = {
					B6411D9D27D64C6F004025A7 = {
						CreatedOnToolsVersion = 13.2.1;
					};
				};
			};
			buildConfigurationList = B6411D9927D64C6F004025A7 /* Build configuration list for PBXProject "FirebaseNotes" */;
			compatibilityVersion = "Xcode 13.0";
			developmentRegion = en;
			hasScannedForEncodings = 0;
			knownRegions = (
				en,
				Base,
			);
			mainGroup = B6411D9527D64C6F004025A7;
			packageReferences = (
				B6411DBA27D6528F004025A7 /* XCRemoteSwiftPackageReference "firebase-ios-sdk" */,
			);
			productRefGroup = B6411D9F27D64C6F004025A7 /* Products */;
			projectDirPath = "";
			projectRoot = "";
			targets = (
				B6411D9D27D64C6F004025A7 /* FirebaseNotes */,
			);
		};
/* End PBXProject section */

/* Begin PBXResourcesBuildPhase section */
		B6411D9C27D64C6F004025A7 /* Resources */ = {
			isa = PBXResourcesBuildPhase;
			buildActionMask = 2147483647;
			files = (
				B6411DB127D64C71004025A7 /* LaunchScreen.storyboard in Resources */,
				B6411DB927D64E90004025A7 /* GoogleService-Info.plist in Resources */,
				B6411DAE27D64C71004025A7 /* Assets.xcassets in Resources */,
				B6411DA927D64C70004025A7 /* Main.storyboard in Resources */,
			);
			runOnlyForDeploymentPostprocessing = 0;
		};
/* End PBXResourcesBuildPhase section */

/* Begin PBXSourcesBuildPhase section */
		B6411D9A27D64C6F004025A7 /* Sources */ = {
			isa = PBXSourcesBuildPhase;
			buildActionMask = 2147483647;
			files = (
				B6411DAC27D64C70004025A7 /* FirebaseNotes.xcdatamodeld in Sources */,
				B6411DA627D64C70004025A7 /* ViewController.swift in Sources */,
				B6411DA227D64C70004025A7 /* AppDelegate.swift in Sources */,
				B6411DA427D64C70004025A7 /* SceneDelegate.swift in Sources */,
			);
			runOnlyForDeploymentPostprocessing = 0;
		};
/* End PBXSourcesBuildPhase section */

/* Begin PBXVariantGroup section */
		B6411DA727D64C70004025A7 /* Main.storyboard */ = {
			isa = PBXVariantGroup;
			children = (
				B6411DA827D64C70004025A7 /* Base */,
			);
			name = Main.storyboard;
			sourceTree = "<group>";
		};
		B6411DAF27D64C71004025A7 /* LaunchScreen.storyboard */ = {
			isa = PBXVariantGroup;
			children = (
				B6411DB027D64C71004025A7 /* Base */,
			);
			name = LaunchScreen.storyboard;
			sourceTree = "<group>";
		};
/* End PBXVariantGroup section */

/* Begin XCBuildConfiguration section */
		B6411DB327D64C71004025A7 /* Debug */ = {
			isa = XCBuildConfiguration;
			buildSettings = {
				ALWAYS_SEARCH_USER_PATHS = NO;
				CLANG_ANALYZER_NONNULL = YES;
				CLANG_ANALYZER_NUMBER_OBJECT_CONVERSION = YES_AGGRESSIVE;
				CLANG_CXX_LANGUAGE_STANDARD = "gnu++17";
				CLANG_CXX_LIBRARY = "libc++";
				CLANG_ENABLE_MODULES = YES;
				CLANG_ENABLE_OBJC_ARC = YES;
				CLANG_ENABLE_OBJC_WEAK = YES;
				CLANG_WARN_BLOCK_CAPTURE_AUTORELEASING = YES;
				CLANG_WARN_BOOL_CONVERSION = YES;
				CLANG_WARN_COMMA = YES;
				CLANG_WARN_CONSTANT_CONVERSION = YES;
				CLANG_WARN_DEPRECATED_OBJC_IMPLEMENTATIONS = YES;
				CLANG_WARN_DIRECT_OBJC_ISA_USAGE = YES_ERROR;
				CLANG_WARN_DOCUMENTATION_COMMENTS = YES;
				CLANG_WARN_EMPTY_BODY = YES;
				CLANG_WARN_ENUM_CONVERSION = YES;
				CLANG_WARN_INFINITE_RECURSION = YES;
				CLANG_WARN_INT_CONVERSION = YES;
				CLANG_WARN_NON_LITERAL_NULL_CONVERSION = YES;
				CLANG_WARN_OBJC_IMPLICIT_RETAIN_SELF = YES;
				CLANG_WARN_OBJC_LITERAL_CONVERSION = YES;
				CLANG_WARN_OBJC_ROOT_CLASS = YES_ERROR;
				CLANG_WARN_QUOTED_INCLUDE_IN_FRAMEWORK_HEADER = YES;
				CLANG_WARN_RANGE_LOOP_ANALYSIS = YES;
				CLANG_WARN_STRICT_PROTOTYPES = YES;
				CLANG_WARN_SUSPICIOUS_MOVE = YES;
				CLANG_WARN_UNGUARDED_AVAILABILITY = YES_AGGRESSIVE;
				CLANG_WARN_UNREACHABLE_CODE = YES;
				CLANG_WARN__DUPLICATE_METHOD_MATCH = YES;
				COPY_PHASE_STRIP = NO;
				DEBUG_INFORMATION_FORMAT = dwarf;
				ENABLE_STRICT_OBJC_MSGSEND = YES;
				ENABLE_TESTABILITY = YES;
				GCC_C_LANGUAGE_STANDARD = gnu11;
				GCC_DYNAMIC_NO_PIC = NO;
				GCC_NO_COMMON_BLOCKS = YES;
				GCC_OPTIMIZATION_LEVEL = 0;
				GCC_PREPROCESSOR_DEFINITIONS = (
					"DEBUG=1",
					"$(inherited)",
				);
				GCC_WARN_64_TO_32_BIT_CONVERSION = YES;
				GCC_WARN_ABOUT_RETURN_TYPE = YES_ERROR;
				GCC_WARN_UNDECLARED_SELECTOR = YES;
				GCC_WARN_UNINITIALIZED_AUTOS = YES_AGGRESSIVE;
				GCC_WARN_UNUSED_FUNCTION = YES;
				GCC_WARN_UNUSED_VARIABLE = YES;
				IPHONEOS_DEPLOYMENT_TARGET = 15.2;
				MTL_ENABLE_DEBUG_INFO = INCLUDE_SOURCE;
				MTL_FAST_MATH = YES;
				ONLY_ACTIVE_ARCH = YES;
				SDKROOT = iphoneos;
				SWIFT_ACTIVE_COMPILATION_CONDITIONS = DEBUG;
				SWIFT_OPTIMIZATION_LEVEL = "-Onone";
			};
			name = Debug;
		};
		B6411DB427D64C71004025A7 /* Release */ = {
			isa = XCBuildConfiguration;
			buildSettings = {
				ALWAYS_SEARCH_USER_PATHS = NO;
				CLANG_ANALYZER_NONNULL = YES;
				CLANG_ANALYZER_NUMBER_OBJECT_CONVERSION = YES_AGGRESSIVE;
				CLANG_CXX_LANGUAGE_STANDARD = "gnu++17";
				CLANG_CXX_LIBRARY = "libc++";
				CLANG_ENABLE_MODULES = YES;
				CLANG_ENABLE_OBJC_ARC = YES;
				CLANG_ENABLE_OBJC_WEAK = YES;
				CLANG_WARN_BLOCK_CAPTURE_AUTORELEASING = YES;
				CLANG_WARN_BOOL_CONVERSION = YES;
				CLANG_WARN_COMMA = YES;
				CLANG_WARN_CONSTANT_CONVERSION = YES;
				CLANG_WARN_DEPRECATED_OBJC_IMPLEMENTATIONS = YES;
				CLANG_WARN_DIRECT_OBJC_ISA_USAGE = YES_ERROR;
				CLANG_WARN_DOCUMENTATION_COMMENTS = YES;
				CLANG_WARN_EMPTY_BODY = YES;
				CLANG_WARN_ENUM_CONVERSION = YES;
				CLANG_WARN_INFINITE_RECURSION = YES;
				CLANG_WARN_INT_CONVERSION = YES;
				CLANG_WARN_NON_LITERAL_NULL_CONVERSION = YES;
				CLANG_WARN_OBJC_IMPLICIT_RETAIN_SELF = YES;
				CLANG_WARN_OBJC_LITERAL_CONVERSION = YES;
				CLANG_WARN_OBJC_ROOT_CLASS = YES_ERROR;
				CLANG_WARN_QUOTED_INCLUDE_IN_FRAMEWORK_HEADER = YES;
				CLANG_WARN_RANGE_LOOP_ANALYSIS = YES;
				CLANG_WARN_STRICT_PROTOTYPES = YES;
				CLANG_WARN_SUSPICIOUS_MOVE = YES;
				CLANG_WARN_UNGUARDED_AVAILABILITY = YES_AGGRESSIVE;
				CLANG_WARN_UNREACHABLE_CODE = YES;
				CLANG_WARN__DUPLICATE_METHOD_MATCH = YES;
				COPY_PHASE_STRIP = NO;
				DEBUG_INFORMATION_FORMAT = "dwarf-with-dsym";
				ENABLE_NS_ASSERTIONS = NO;
				ENABLE_STRICT_OBJC_MSGSEND = YES;
				GCC_C_LANGUAGE_STANDARD = gnu11;
				GCC_NO_COMMON_BLOCKS = YES;
				GCC_WARN_64_TO_32_BIT_CONVERSION = YES;
				GCC_WARN_ABOUT_RETURN_TYPE = YES_ERROR;
				GCC_WARN_UNDECLARED_SELECTOR = YES;
				GCC_WARN_UNINITIALIZED_AUTOS = YES_AGGRESSIVE;
				GCC_WARN_UNUSED_FUNCTION = YES;
				GCC_WARN_UNUSED_VARIABLE = YES;
				IPHONEOS_DEPLOYMENT_TARGET = 15.2;
				MTL_ENABLE_DEBUG_INFO = NO;
				MTL_FAST_MATH = YES;
				SDKROOT = iphoneos;
				SWIFT_COMPILATION_MODE = wholemodule;
				SWIFT_OPTIMIZATION_LEVEL = "-O";
				VALIDATE_PRODUCT = YES;
			};
			name = Release;
		};
		B6411DB627D64C71004025A7 /* Debug */ = {
			isa = XCBuildConfiguration;
			buildSettings = {
				ASSETCATALOG_COMPILER_APPICON_NAME = AppIcon;
				ASSETCATALOG_COMPILER_GLOBAL_ACCENT_COLOR_NAME = AccentColor;
				CODE_SIGN_STYLE = Automatic;
				CURRENT_PROJECT_VERSION = 1;
				DEVELOPMENT_TEAM = PVK3WGSZ4A;
				GENERATE_INFOPLIST_FILE = YES;
				INFOPLIST_FILE = FirebaseNotes/Info.plist;
				INFOPLIST_KEY_UIApplicationSupportsIndirectInputEvents = YES;
				INFOPLIST_KEY_UILaunchStoryboardName = LaunchScreen;
				INFOPLIST_KEY_UIMainStoryboardFile = Main;
				INFOPLIST_KEY_UISupportedInterfaceOrientations_iPad = "UIInterfaceOrientationPortrait UIInterfaceOrientationPortraitUpsideDown UIInterfaceOrientationLandscapeLeft UIInterfaceOrientationLandscapeRight";
				INFOPLIST_KEY_UISupportedInterfaceOrientations_iPhone = "UIInterfaceOrientationPortrait UIInterfaceOrientationLandscapeLeft UIInterfaceOrientationLandscapeRight";
				LD_RUNPATH_SEARCH_PATHS = (
					"$(inherited)",
					"@executable_path/Frameworks",
				);
				MARKETING_VERSION = 1.0;
				PRODUCT_BUNDLE_IDENTIFIER = CLC.FirebaseNotes;
				PRODUCT_NAME = "$(TARGET_NAME)";
				SWIFT_EMIT_LOC_STRINGS = YES;
				SWIFT_VERSION = 5.0;
				TARGETED_DEVICE_FAMILY = "1,2";
			};
			name = Debug;
		};
		B6411DB727D64C71004025A7 /* Release */ = {
			isa = XCBuildConfiguration;
			buildSettings = {
				ASSETCATALOG_COMPILER_APPICON_NAME = AppIcon;
				ASSETCATALOG_COMPILER_GLOBAL_ACCENT_COLOR_NAME = AccentColor;
				CODE_SIGN_STYLE = Automatic;
				CURRENT_PROJECT_VERSION = 1;
				DEVELOPMENT_TEAM = PVK3WGSZ4A;
				GENERATE_INFOPLIST_FILE = YES;
				INFOPLIST_FILE = FirebaseNotes/Info.plist;
				INFOPLIST_KEY_UIApplicationSupportsIndirectInputEvents = YES;
				INFOPLIST_KEY_UILaunchStoryboardName = LaunchScreen;
				INFOPLIST_KEY_UIMainStoryboardFile = Main;
				INFOPLIST_KEY_UISupportedInterfaceOrientations_iPad = "UIInterfaceOrientationPortrait UIInterfaceOrientationPortraitUpsideDown UIInterfaceOrientationLandscapeLeft UIInterfaceOrientationLandscapeRight";
				INFOPLIST_KEY_UISupportedInterfaceOrientations_iPhone = "UIInterfaceOrientationPortrait UIInterfaceOrientationLandscapeLeft UIInterfaceOrientationLandscapeRight";
				LD_RUNPATH_SEARCH_PATHS = (
					"$(inherited)",
					"@executable_path/Frameworks",
				);
				MARKETING_VERSION = 1.0;
				PRODUCT_BUNDLE_IDENTIFIER = CLC.FirebaseNotes;
				PRODUCT_NAME = "$(TARGET_NAME)";
				SWIFT_EMIT_LOC_STRINGS = YES;
				SWIFT_VERSION = 5.0;
				TARGETED_DEVICE_FAMILY = "1,2";
			};
			name = Release;
		};
/* End XCBuildConfiguration section */

/* Begin XCConfigurationList section */
		B6411D9927D64C6F004025A7 /* Build configuration list for PBXProject "FirebaseNotes" */ = {
			isa = XCConfigurationList;
			buildConfigurations = (
				B6411DB327D64C71004025A7 /* Debug */,
				B6411DB427D64C71004025A7 /* Release */,
			);
			defaultConfigurationIsVisible = 0;
			defaultConfigurationName = Release;
		};
		B6411DB527D64C71004025A7 /* Build configuration list for PBXNativeTarget "FirebaseNotes" */ = {
			isa = XCConfigurationList;
			buildConfigurations = (
				B6411DB627D64C71004025A7 /* Debug */,
				B6411DB727D64C71004025A7 /* Release */,
			);
			defaultConfigurationIsVisible = 0;
			defaultConfigurationName = Release;
		};
/* End XCConfigurationList section */

/* Begin XCRemoteSwiftPackageReference section */
		B6411DBA27D6528F004025A7 /* XCRemoteSwiftPackageReference "firebase-ios-sdk" */ = {
			isa = XCRemoteSwiftPackageReference;
			repositoryURL = "https://github.com/firebase/firebase-ios-sdk";
			requirement = {
				kind = upToNextMajorVersion;
				minimumVersion = 8.0.0;
			};
		};
/* End XCRemoteSwiftPackageReference section */

/* Begin XCSwiftPackageProductDependency section */
		B6411DBB27D6528F004025A7 /* FirebaseAnalytics */ = {
			isa = XCSwiftPackageProductDependency;
			package = B6411DBA27D6528F004025A7 /* XCRemoteSwiftPackageReference "firebase-ios-sdk" */;
			productName = FirebaseAnalytics;
		};
		B6411DBD27D6528F004025A7 /* FirebaseAuth */ = {
			isa = XCSwiftPackageProductDependency;
			package = B6411DBA27D6528F004025A7 /* XCRemoteSwiftPackageReference "firebase-ios-sdk" */;
			productName = FirebaseAuth;
		};
		B6411DBF27D6528F004025A7 /* FirebaseDatabase */ = {
			isa = XCSwiftPackageProductDependency;
			package = B6411DBA27D6528F004025A7 /* XCRemoteSwiftPackageReference "firebase-ios-sdk" */;
			productName = FirebaseDatabase;
		};
		B6411DC127D65290004025A7 /* FirebaseFirestore */ = {
			isa = XCSwiftPackageProductDependency;
			package = B6411DBA27D6528F004025A7 /* XCRemoteSwiftPackageReference "firebase-ios-sdk" */;
			productName = FirebaseFirestore;
		};
		B6BC2E0627DB8E960002F998 /* FirebaseFirestoreSwift-Beta */ = {
			isa = XCSwiftPackageProductDependency;
			package = B6411DBA27D6528F004025A7 /* XCRemoteSwiftPackageReference "firebase-ios-sdk" */;
			productName = "FirebaseFirestoreSwift-Beta";
		};
/* End XCSwiftPackageProductDependency section */

/* Begin XCVersionGroup section */
		B6411DAA27D64C70004025A7 /* FirebaseNotes.xcdatamodeld */ = {
			isa = XCVersionGroup;
			children = (
				B6411DAB27D64C70004025A7 /* FirebaseNotes.xcdatamodel */,
			);
			currentVersion = B6411DAB27D64C70004025A7 /* FirebaseNotes.xcdatamodel */;
			path = FirebaseNotes.xcdatamodeld;
			sourceTree = "<group>";
			versionGroupType = wrapper.xcdatamodel;
		};
/* End XCVersionGroup section */
	};
	rootObject = B6411D9627D64C6F004025A7 /* Project object */;
}
